
Microsoft Visual Studio Solution File, Format Version 12.00
# Visual Studio Version 17
VisualStudioVersion = 17.7.34221.43
MinimumVisualStudioVersion = 10.0.40219.1
Project("{9A19103F-16F7-4668-BE54-9A1E7A4F7556}") = "CKK.Logic", "CKK.Logic\CKK.Logic.csproj", "{6425E9E5-4F66-42CC-BBF8-5A25C7280794}"
EndProject
Project("{9A19103F-16F7-4668-BE54-9A1E7A4F7556}") = "CKK.tests", "CKK.tests\CKK.tests.csproj", "{3B6B932F-2222-43EF-AA0B-D8942BB7DFE0}"
EndProject
Global
	GlobalSection(SolutionConfigurationPlatforms) = preSolution
		Debug|Any CPU = Debug|Any CPU
		Release|Any CPU = Release|Any CPU
	EndGlobalSection
	GlobalSection(ProjectConfigurationPlatforms) = postSolution
		{6425E9E5-4F66-42CC-BBF8-5A25C7280794}.Debug|Any CPU.ActiveCfg = Debug|Any CPU
		{6425E9E5-4F66-42CC-BBF8-5A25C7280794}.Debug|Any CPU.Build.0 = Debug|Any CPU
		{6425E9E5-4F66-42CC-BBF8-5A25C7280794}.Release|Any CPU.ActiveCfg = Release|Any CPU
		{6425E9E5-4F66-42CC-BBF8-5A25C7280794}.Release|Any CPU.Build.0 = Release|Any CPU
		{3B6B932F-2222-43EF-AA0B-D8942BB7DFE0}.Debug|Any CPU.ActiveCfg = Debug|Any CPU
		{3B6B932F-2222-43EF-AA0B-D8942BB7DFE0}.Debug|Any CPU.Build.0 = Debug|Any CPU
		{3B6B932F-2222-43EF-AA0B-D8942BB7DFE0}.Release|Any CPU.ActiveCfg = Release|Any CPU
		{3B6B932F-2222-43EF-AA0B-D8942BB7DFE0}.Release|Any CPU.Build.0 = Release|Any CPU
	EndGlobalSection
	GlobalSection(SolutionProperties) = preSolution
		HideSolutionNode = FALSE
	EndGlobalSection
	GlobalSection(ExtensibilityGlobals) = postSolution
		SolutionGuid = {B7B4E419-47BB-40C4-8664-10B3BBCAFCDA}
	EndGlobalSection
EndGlobal
